<Solution>
  <Folder Name="/src/">
    <Project Path="src/LupiraCareerApi.Core/LupiraCareerApi.Core.csproj" />
    <Project Path="src/LupiraCareerApi/LupiraCareerApi.csproj" />
  </Folder>
  <Folder Name="/tests/">
    <Project Path="tests/LupiraCareerApi.UnitTests/LupiraCareerApi.UnitTests.csproj" />
  </Folder>
</Solution>
